
Microsoft Visual Studio Solution File, Format Version 12.00
# Visual Studio Version 16
VisualStudioVersion = 16.0.31105.61
MinimumVisualStudioVersion = 10.0.40219.1
Project("{FAE04EC0-301F-11D3-BF4B-00C04F79EFBC}") = "RoundRobin", "RoundRobin\RoundRobin.csproj", "{BFA497D5-55B9-4822-8C8E-08994BC752E7}"
EndProject
Global
	GlobalSection(SolutionConfigurationPlatforms) = preSolution
		Debug|Any CPU = Debug|Any CPU
		Release|Any CPU = Release|Any CPU
	EndGlobalSection
	GlobalSection(ProjectConfigurationPlatforms) = postSolution
		{BFA497D5-55B9-4822-8C8E-08994BC752E7}.Debug|Any CPU.ActiveCfg = Debug|Any CPU
		{BFA497D5-55B9-4822-8C8E-08994BC752E7}.Debug|Any CPU.Build.0 = Debug|Any CPU
		{BFA497D5-55B9-4822-8C8E-08994BC752E7}.Release|Any CPU.ActiveCfg = Release|Any CPU
		{BFA497D5-55B9-4822-8C8E-08994BC752E7}.Release|Any CPU.Build.0 = Release|Any CPU
	EndGlobalSection
	GlobalSection(SolutionProperties) = preSolution
		HideSolutionNode = FALSE
	EndGlobalSection
	GlobalSection(ExtensibilityGlobals) = postSolution
		SolutionGuid = {FE028BBC-4B3F-424F-A84A-6005A6B42007}
	EndGlobalSection
EndGlobal
